
Microsoft Visual Studio Solution File, Format Version 12.00
# Visual Studio 14
VisualStudioVersion = 14.0.25123.0
MinimumVisualStudioVersion = 10.0.40219.1
Project("{FAE04EC0-301F-11D3-BF4B-00C04F79EFBC}") = "Core.TypeCast", "TypeCast\Core.TypeCast.csproj", "{C79492BC-D45C-469A-AF8F-0952141B2369}"
EndProject
Project("{2150E333-8FDC-42A3-9474-1A3956D46DE8}") = "Examples", "Examples", "{09C121AE-ACC3-49DF-8DCC-A8F9F4DE426C}"
	ProjectSection(SolutionItems) = preProject
		Examples\README.md = Examples\README.md
	EndProjectSection
EndProject
Project("{FAE04EC0-301F-11D3-BF4B-00C04F79EFBC}") = "Example1", "Examples\Example1\Example1.csproj", "{9FF0DBA7-75E3-444B-80C6-C32D6F643698}"
EndProject
Project("{FAE04EC0-301F-11D3-BF4B-00C04F79EFBC}") = "Example2", "Examples\Example2\Example2.csproj", "{08D56454-8A73-4546-A1FE-88E752B32A92}"
EndProject
Project("{FAE04EC0-301F-11D3-BF4B-00C04F79EFBC}") = "Example3", "Examples\Example3\Example3.csproj", "{5C146CD7-B326-4ABD-BBDC-12D5E374E297}"
EndProject
Project("{2150E333-8FDC-42A3-9474-1A3956D46DE8}") = "Solution Items", "Solution Items", "{05C99E21-A373-4B92-A052-63E48AC7E565}"
	ProjectSection(SolutionItems) = preProject
		doxyfile = doxyfile
		LICENSE = LICENSE
		mitlicense.md = mitlicense.md
		README.md = README.md
	EndProjectSection
EndProject
Project("{FAE04EC0-301F-11D3-BF4B-00C04F79EFBC}") = "TypeCast.Tests", "TypeCast.Tests\TypeCast.Tests.csproj", "{E6A07B1E-3040-4268-A9AD-AE2F3A985F04}"
EndProject
Project("{FAE04EC0-301F-11D3-BF4B-00C04F79EFBC}") = "Example4", "Examples\Example4\Example4.csproj", "{D6957F6E-B7C8-49BA-88E3-104586FFAB4C}"
	ProjectSection(ProjectDependencies) = postProject
		{C79492BC-D45C-469A-AF8F-0952141B2369} = {C79492BC-D45C-469A-AF8F-0952141B2369}
	EndProjectSection
EndProject
Project("{FAE04EC0-301F-11D3-BF4B-00C04F79EFBC}") = "Example5", "Examples\Example5\Example5.csproj", "{813877E8-5C35-433E-A4E8-1E8F3DA1A2F2}"
EndProject
Project("{FAE04EC0-301F-11D3-BF4B-00C04F79EFBC}") = "Example6", "Examples\Example6\Example6.csproj", "{6254E803-D1A6-4FAB-9A8C-148881B74BD8}"
EndProject
Project("{FAE04EC0-301F-11D3-BF4B-00C04F79EFBC}") = "Example7", "Examples\Example7\Example7.csproj", "{96CF1A6E-203D-482C-92D9-A6F99CDB9BB1}"
EndProject
Project("{FAE04EC0-301F-11D3-BF4B-00C04F79EFBC}") = "Example8", "Examples\Example8\Example8.csproj", "{15C49930-F94D-4FA0-99F4-03B4CD5E11CD}"
EndProject
Project("{FAE04EC0-301F-11D3-BF4B-00C04F79EFBC}") = "Example9", "Examples\Example9\Example9.csproj", "{7908514F-7E39-4BC5-8E50-B5E02C224ACB}"
EndProject
Project("{FAE04EC0-301F-11D3-BF4B-00C04F79EFBC}") = "Example10", "Examples\Example10\Example10.csproj", "{53934290-A800-4B9D-95D3-FCAB496D719E}"
EndProject
Project("{FAE04EC0-301F-11D3-BF4B-00C04F79EFBC}") = "BioCore", "Examples\Example11\BioCore.csproj", "{612F3863-DCF4-419B-84A2-54FB2E11B6FF}"
EndProject
Global
	GlobalSection(SolutionConfigurationPlatforms) = preSolution
		Debug|Any CPU = Debug|Any CPU
		Debug|x64 = Debug|x64
		Debug|x86 = Debug|x86
		Release|Any CPU = Release|Any CPU
		Release|x64 = Release|x64
		Release|x86 = Release|x86
	EndGlobalSection
	GlobalSection(ProjectConfigurationPlatforms) = postSolution
		{C79492BC-D45C-469A-AF8F-0952141B2369}.Debug|Any CPU.ActiveCfg = Debug|Any CPU
		{C79492BC-D45C-469A-AF8F-0952141B2369}.Debug|Any CPU.Build.0 = Debug|Any CPU
		{C79492BC-D45C-469A-AF8F-0952141B2369}.Debug|x64.ActiveCfg = Debug|x64
		{C79492BC-D45C-469A-AF8F-0952141B2369}.Debug|x64.Build.0 = Debug|x64
		{C79492BC-D45C-469A-AF8F-0952141B2369}.Debug|x86.ActiveCfg = Debug|Any CPU
		{C79492BC-D45C-469A-AF8F-0952141B2369}.Debug|x86.Build.0 = Debug|Any CPU
		{C79492BC-D45C-469A-AF8F-0952141B2369}.Release|Any CPU.ActiveCfg = Release|Any CPU
		{C79492BC-D45C-469A-AF8F-0952141B2369}.Release|Any CPU.Build.0 = Release|Any CPU
		{C79492BC-D45C-469A-AF8F-0952141B2369}.Release|x64.ActiveCfg = Release|x64
		{C79492BC-D45C-469A-AF8F-0952141B2369}.Release|x64.Build.0 = Release|x64
		{C79492BC-D45C-469A-AF8F-0952141B2369}.Release|x86.ActiveCfg = Release|Any CPU
		{C79492BC-D45C-469A-AF8F-0952141B2369}.Release|x86.Build.0 = Release|Any CPU
		{9FF0DBA7-75E3-444B-80C6-C32D6F643698}.Debug|Any CPU.ActiveCfg = Debug|Any CPU
		{9FF0DBA7-75E3-444B-80C6-C32D6F643698}.Debug|Any CPU.Build.0 = Debug|Any CPU
		{9FF0DBA7-75E3-444B-80C6-C32D6F643698}.Debug|x64.ActiveCfg = Debug|x64
		{9FF0DBA7-75E3-444B-80C6-C32D6F643698}.Debug|x64.Build.0 = Debug|x64
		{9FF0DBA7-75E3-444B-80C6-C32D6F643698}.Debug|x86.ActiveCfg = Debug|Any CPU
		{9FF0DBA7-75E3-444B-80C6-C32D6F643698}.Debug|x86.Build.0 = Debug|Any CPU
		{9FF0DBA7-75E3-444B-80C6-C32D6F643698}.Release|Any CPU.ActiveCfg = Release|Any CPU
		{9FF0DBA7-75E3-444B-80C6-C32D6F643698}.Release|Any CPU.Build.0 = Release|Any CPU
		{9FF0DBA7-75E3-444B-80C6-C32D6F643698}.Release|x64.ActiveCfg = Release|x64
		{9FF0DBA7-75E3-444B-80C6-C32D6F643698}.Release|x64.Build.0 = Release|x64
		{9FF0DBA7-75E3-444B-80C6-C32D6F643698}.Release|x86.ActiveCfg = Release|Any CPU
		{9FF0DBA7-75E3-444B-80C6-C32D6F643698}.Release|x86.Build.0 = Release|Any CPU
		{08D56454-8A73-4546-A1FE-88E752B32A92}.Debug|Any CPU.ActiveCfg = Debug|Any CPU
		{08D56454-8A73-4546-A1FE-88E752B32A92}.Debug|Any CPU.Build.0 = Debug|Any CPU
		{08D56454-8A73-4546-A1FE-88E752B32A92}.Debug|x64.ActiveCfg = Debug|x64
		{08D56454-8A73-4546-A1FE-88E752B32A92}.Debug|x64.Build.0 = Debug|x64
		{08D56454-8A73-4546-A1FE-88E752B32A92}.Debug|x86.ActiveCfg = Debug|Any CPU
		{08D56454-8A73-4546-A1FE-88E752B32A92}.Debug|x86.Build.0 = Debug|Any CPU
		{08D56454-8A73-4546-A1FE-88E752B32A92}.Release|Any CPU.ActiveCfg = Release|Any CPU
		{08D56454-8A73-4546-A1FE-88E752B32A92}.Release|Any CPU.Build.0 = Release|Any CPU
		{08D56454-8A73-4546-A1FE-88E752B32A92}.Release|x64.ActiveCfg = Release|x64
		{08D56454-8A73-4546-A1FE-88E752B32A92}.Release|x64.Build.0 = Release|x64
		{08D56454-8A73-4546-A1FE-88E752B32A92}.Release|x86.ActiveCfg = Release|Any CPU
		{08D56454-8A73-4546-A1FE-88E752B32A92}.Release|x86.Build.0 = Release|Any CPU
		{5C146CD7-B326-4ABD-BBDC-12D5E374E297}.Debug|Any CPU.ActiveCfg = Debug|Any CPU
		{5C146CD7-B326-4ABD-BBDC-12D5E374E297}.Debug|Any CPU.Build.0 = Debug|Any CPU
		{5C146CD7-B326-4ABD-BBDC-12D5E374E297}.Debug|x64.ActiveCfg = Debug|x64
		{5C146CD7-B326-4ABD-BBDC-12D5E374E297}.Debug|x64.Build.0 = Debug|x64
		{5C146CD7-B326-4ABD-BBDC-12D5E374E297}.Debug|x86.ActiveCfg = Debug|Any CPU
		{5C146CD7-B326-4ABD-BBDC-12D5E374E297}.Debug|x86.Build.0 = Debug|Any CPU
		{5C146CD7-B326-4ABD-BBDC-12D5E374E297}.Release|Any CPU.ActiveCfg = Release|Any CPU
		{5C146CD7-B326-4ABD-BBDC-12D5E374E297}.Release|Any CPU.Build.0 = Release|Any CPU
		{5C146CD7-B326-4ABD-BBDC-12D5E374E297}.Release|x64.ActiveCfg = Release|x64
		{5C146CD7-B326-4ABD-BBDC-12D5E374E297}.Release|x64.Build.0 = Release|x64
		{5C146CD7-B326-4ABD-BBDC-12D5E374E297}.Release|x86.ActiveCfg = Release|Any CPU
		{5C146CD7-B326-4ABD-BBDC-12D5E374E297}.Release|x86.Build.0 = Release|Any CPU
		{E6A07B1E-3040-4268-A9AD-AE2F3A985F04}.Debug|Any CPU.ActiveCfg = Debug|Any CPU
		{E6A07B1E-3040-4268-A9AD-AE2F3A985F04}.Debug|Any CPU.Build.0 = Debug|Any CPU
		{E6A07B1E-3040-4268-A9AD-AE2F3A985F04}.Debug|x64.ActiveCfg = Debug|x86
		{E6A07B1E-3040-4268-A9AD-AE2F3A985F04}.Debug|x64.Build.0 = Debug|x86
		{E6A07B1E-3040-4268-A9AD-AE2F3A985F04}.Debug|x86.ActiveCfg = Debug|Any CPU
		{E6A07B1E-3040-4268-A9AD-AE2F3A985F04}.Debug|x86.Build.0 = Debug|Any CPU
		{E6A07B1E-3040-4268-A9AD-AE2F3A985F04}.Release|Any CPU.ActiveCfg = Release|Any CPU
		{E6A07B1E-3040-4268-A9AD-AE2F3A985F04}.Release|Any CPU.Build.0 = Release|Any CPU
		{E6A07B1E-3040-4268-A9AD-AE2F3A985F04}.Release|x64.ActiveCfg = Release|x86
		{E6A07B1E-3040-4268-A9AD-AE2F3A985F04}.Release|x64.Build.0 = Release|x86
		{E6A07B1E-3040-4268-A9AD-AE2F3A985F04}.Release|x86.ActiveCfg = Release|Any CPU
		{E6A07B1E-3040-4268-A9AD-AE2F3A985F04}.Release|x86.Build.0 = Release|Any CPU
		{D6957F6E-B7C8-49BA-88E3-104586FFAB4C}.Debug|Any CPU.ActiveCfg = Debug|Any CPU
		{D6957F6E-B7C8-49BA-88E3-104586FFAB4C}.Debug|Any CPU.Build.0 = Debug|Any CPU
		{D6957F6E-B7C8-49BA-88E3-104586FFAB4C}.Debug|x64.ActiveCfg = Debug|x64
		{D6957F6E-B7C8-49BA-88E3-104586FFAB4C}.Debug|x64.Build.0 = Debug|x64
		{D6957F6E-B7C8-49BA-88E3-104586FFAB4C}.Debug|x86.ActiveCfg = Debug|Any CPU
		{D6957F6E-B7C8-49BA-88E3-104586FFAB4C}.Debug|x86.Build.0 = Debug|Any CPU
		{D6957F6E-B7C8-49BA-88E3-104586FFAB4C}.Release|Any CPU.ActiveCfg = Release|Any CPU
		{D6957F6E-B7C8-49BA-88E3-104586FFAB4C}.Release|Any CPU.Build.0 = Release|Any CPU
		{D6957F6E-B7C8-49BA-88E3-104586FFAB4C}.Release|x64.ActiveCfg = Release|x64
		{D6957F6E-B7C8-49BA-88E3-104586FFAB4C}.Release|x64.Build.0 = Release|x64
		{D6957F6E-B7C8-49BA-88E3-104586FFAB4C}.Release|x86.ActiveCfg = Release|Any CPU
		{D6957F6E-B7C8-49BA-88E3-104586FFAB4C}.Release|x86.Build.0 = Release|Any CPU
		{813877E8-5C35-433E-A4E8-1E8F3DA1A2F2}.Debug|Any CPU.ActiveCfg = Debug|Any CPU
		{813877E8-5C35-433E-A4E8-1E8F3DA1A2F2}.Debug|Any CPU.Build.0 = Debug|Any CPU
		{813877E8-5C35-433E-A4E8-1E8F3DA1A2F2}.Debug|x64.ActiveCfg = Debug|x64
		{813877E8-5C35-433E-A4E8-1E8F3DA1A2F2}.Debug|x64.Build.0 = Debug|x64
		{813877E8-5C35-433E-A4E8-1E8F3DA1A2F2}.Debug|x86.ActiveCfg = Debug|Any CPU
		{813877E8-5C35-433E-A4E8-1E8F3DA1A2F2}.Debug|x86.Build.0 = Debug|Any CPU
		{813877E8-5C35-433E-A4E8-1E8F3DA1A2F2}.Release|Any CPU.ActiveCfg = Release|Any CPU
		{813877E8-5C35-433E-A4E8-1E8F3DA1A2F2}.Release|Any CPU.Build.0 = Release|Any CPU
		{813877E8-5C35-433E-A4E8-1E8F3DA1A2F2}.Release|x64.ActiveCfg = Release|x64
		{813877E8-5C35-433E-A4E8-1E8F3DA1A2F2}.Release|x64.Build.0 = Release|x64
		{813877E8-5C35-433E-A4E8-1E8F3DA1A2F2}.Release|x86.ActiveCfg = Release|Any CPU
		{813877E8-5C35-433E-A4E8-1E8F3DA1A2F2}.Release|x86.Build.0 = Release|Any CPU
		{6254E803-D1A6-4FAB-9A8C-148881B74BD8}.Debug|Any CPU.ActiveCfg = Debug|Any CPU
		{6254E803-D1A6-4FAB-9A8C-148881B74BD8}.Debug|Any CPU.Build.0 = Debug|Any CPU
		{6254E803-D1A6-4FAB-9A8C-148881B74BD8}.Debug|x64.ActiveCfg = Debug|x64
		{6254E803-D1A6-4FAB-9A8C-148881B74BD8}.Debug|x64.Build.0 = Debug|x64
		{6254E803-D1A6-4FAB-9A8C-148881B74BD8}.Debug|x86.ActiveCfg = Debug|Any CPU
		{6254E803-D1A6-4FAB-9A8C-148881B74BD8}.Debug|x86.Build.0 = Debug|Any CPU
		{6254E803-D1A6-4FAB-9A8C-148881B74BD8}.Release|Any CPU.ActiveCfg = Release|Any CPU
		{6254E803-D1A6-4FAB-9A8C-148881B74BD8}.Release|Any CPU.Build.0 = Release|Any CPU
		{6254E803-D1A6-4FAB-9A8C-148881B74BD8}.Release|x64.ActiveCfg = Release|x64
		{6254E803-D1A6-4FAB-9A8C-148881B74BD8}.Release|x64.Build.0 = Release|x64
		{6254E803-D1A6-4FAB-9A8C-148881B74BD8}.Release|x86.ActiveCfg = Release|Any CPU
		{6254E803-D1A6-4FAB-9A8C-148881B74BD8}.Release|x86.Build.0 = Release|Any CPU
		{96CF1A6E-203D-482C-92D9-A6F99CDB9BB1}.Debug|Any CPU.ActiveCfg = Debug|Any CPU
		{96CF1A6E-203D-482C-92D9-A6F99CDB9BB1}.Debug|Any CPU.Build.0 = Debug|Any CPU
		{96CF1A6E-203D-482C-92D9-A6F99CDB9BB1}.Debug|x64.ActiveCfg = Debug|x64
		{96CF1A6E-203D-482C-92D9-A6F99CDB9BB1}.Debug|x64.Build.0 = Debug|x64
		{96CF1A6E-203D-482C-92D9-A6F99CDB9BB1}.Debug|x86.ActiveCfg = Debug|Any CPU
		{96CF1A6E-203D-482C-92D9-A6F99CDB9BB1}.Debug|x86.Build.0 = Debug|Any CPU
		{96CF1A6E-203D-482C-92D9-A6F99CDB9BB1}.Release|Any CPU.ActiveCfg = Release|Any CPU
		{96CF1A6E-203D-482C-92D9-A6F99CDB9BB1}.Release|Any CPU.Build.0 = Release|Any CPU
		{96CF1A6E-203D-482C-92D9-A6F99CDB9BB1}.Release|x64.ActiveCfg = Release|x64
		{96CF1A6E-203D-482C-92D9-A6F99CDB9BB1}.Release|x64.Build.0 = Release|x64
		{96CF1A6E-203D-482C-92D9-A6F99CDB9BB1}.Release|x86.ActiveCfg = Release|Any CPU
		{96CF1A6E-203D-482C-92D9-A6F99CDB9BB1}.Release|x86.Build.0 = Release|Any CPU
		{15C49930-F94D-4FA0-99F4-03B4CD5E11CD}.Debug|Any CPU.ActiveCfg = Debug|Any CPU
		{15C49930-F94D-4FA0-99F4-03B4CD5E11CD}.Debug|Any CPU.Build.0 = Debug|Any CPU
		{15C49930-F94D-4FA0-99F4-03B4CD5E11CD}.Debug|x64.ActiveCfg = Debug|x64
		{15C49930-F94D-4FA0-99F4-03B4CD5E11CD}.Debug|x64.Build.0 = Debug|x64
		{15C49930-F94D-4FA0-99F4-03B4CD5E11CD}.Debug|x86.ActiveCfg = Debug|Any CPU
		{15C49930-F94D-4FA0-99F4-03B4CD5E11CD}.Debug|x86.Build.0 = Debug|Any CPU
		{15C49930-F94D-4FA0-99F4-03B4CD5E11CD}.Release|Any CPU.ActiveCfg = Release|Any CPU
		{15C49930-F94D-4FA0-99F4-03B4CD5E11CD}.Release|Any CPU.Build.0 = Release|Any CPU
		{15C49930-F94D-4FA0-99F4-03B4CD5E11CD}.Release|x64.ActiveCfg = Release|x64
		{15C49930-F94D-4FA0-99F4-03B4CD5E11CD}.Release|x64.Build.0 = Release|x64
		{15C49930-F94D-4FA0-99F4-03B4CD5E11CD}.Release|x86.ActiveCfg = Release|Any CPU
		{15C49930-F94D-4FA0-99F4-03B4CD5E11CD}.Release|x86.Build.0 = Release|Any CPU
		{7908514F-7E39-4BC5-8E50-B5E02C224ACB}.Debug|Any CPU.ActiveCfg = Debug|Any CPU
		{7908514F-7E39-4BC5-8E50-B5E02C224ACB}.Debug|Any CPU.Build.0 = Debug|Any CPU
		{7908514F-7E39-4BC5-8E50-B5E02C224ACB}.Debug|x64.ActiveCfg = Debug|x64
		{7908514F-7E39-4BC5-8E50-B5E02C224ACB}.Debug|x64.Build.0 = Debug|x64
		{7908514F-7E39-4BC5-8E50-B5E02C224ACB}.Debug|x86.ActiveCfg = Debug|Any CPU
		{7908514F-7E39-4BC5-8E50-B5E02C224ACB}.Debug|x86.Build.0 = Debug|Any CPU
		{7908514F-7E39-4BC5-8E50-B5E02C224ACB}.Release|Any CPU.ActiveCfg = Release|Any CPU
		{7908514F-7E39-4BC5-8E50-B5E02C224ACB}.Release|Any CPU.Build.0 = Release|Any CPU
		{7908514F-7E39-4BC5-8E50-B5E02C224ACB}.Release|x64.ActiveCfg = Release|x64
		{7908514F-7E39-4BC5-8E50-B5E02C224ACB}.Release|x64.Build.0 = Release|x64
		{7908514F-7E39-4BC5-8E50-B5E02C224ACB}.Release|x86.ActiveCfg = Release|Any CPU
		{7908514F-7E39-4BC5-8E50-B5E02C224ACB}.Release|x86.Build.0 = Release|Any CPU
		{53934290-A800-4B9D-95D3-FCAB496D719E}.Debug|Any CPU.ActiveCfg = Debug|Any CPU
		{53934290-A800-4B9D-95D3-FCAB496D719E}.Debug|Any CPU.Build.0 = Debug|Any CPU
		{53934290-A800-4B9D-95D3-FCAB496D719E}.Debug|x64.ActiveCfg = Debug|x64
		{53934290-A800-4B9D-95D3-FCAB496D719E}.Debug|x64.Build.0 = Debug|x64
		{53934290-A800-4B9D-95D3-FCAB496D719E}.Debug|x86.ActiveCfg = Debug|Any CPU
		{53934290-A800-4B9D-95D3-FCAB496D719E}.Debug|x86.Build.0 = Debug|Any CPU
		{53934290-A800-4B9D-95D3-FCAB496D719E}.Release|Any CPU.ActiveCfg = Release|Any CPU
		{53934290-A800-4B9D-95D3-FCAB496D719E}.Release|Any CPU.Build.0 = Release|Any CPU
		{53934290-A800-4B9D-95D3-FCAB496D719E}.Release|x64.ActiveCfg = Release|x64
		{53934290-A800-4B9D-95D3-FCAB496D719E}.Release|x64.Build.0 = Release|x64
		{53934290-A800-4B9D-95D3-FCAB496D719E}.Release|x86.ActiveCfg = Release|Any CPU
		{53934290-A800-4B9D-95D3-FCAB496D719E}.Release|x86.Build.0 = Release|Any CPU
		{612F3863-DCF4-419B-84A2-54FB2E11B6FF}.Debug|Any CPU.ActiveCfg = Debug|Any CPU
		{612F3863-DCF4-419B-84A2-54FB2E11B6FF}.Debug|Any CPU.Build.0 = Debug|Any CPU
		{612F3863-DCF4-419B-84A2-54FB2E11B6FF}.Debug|x64.ActiveCfg = Debug|x64
		{612F3863-DCF4-419B-84A2-54FB2E11B6FF}.Debug|x64.Build.0 = Debug|x64
		{612F3863-DCF4-419B-84A2-54FB2E11B6FF}.Debug|x86.ActiveCfg = Debug|Any CPU
		{612F3863-DCF4-419B-84A2-54FB2E11B6FF}.Debug|x86.Build.0 = Debug|Any CPU
		{612F3863-DCF4-419B-84A2-54FB2E11B6FF}.Release|Any CPU.ActiveCfg = Release|Any CPU
		{612F3863-DCF4-419B-84A2-54FB2E11B6FF}.Release|Any CPU.Build.0 = Release|Any CPU
		{612F3863-DCF4-419B-84A2-54FB2E11B6FF}.Release|x64.ActiveCfg = Release|x64
		{612F3863-DCF4-419B-84A2-54FB2E11B6FF}.Release|x64.Build.0 = Release|x64
		{612F3863-DCF4-419B-84A2-54FB2E11B6FF}.Release|x86.ActiveCfg = Release|Any CPU
		{612F3863-DCF4-419B-84A2-54FB2E11B6FF}.Release|x86.Build.0 = Release|Any CPU
	EndGlobalSection
	GlobalSection(SolutionProperties) = preSolution
		HideSolutionNode = FALSE
	EndGlobalSection
	GlobalSection(NestedProjects) = preSolution
		{9FF0DBA7-75E3-444B-80C6-C32D6F643698} = {09C121AE-ACC3-49DF-8DCC-A8F9F4DE426C}
		{08D56454-8A73-4546-A1FE-88E752B32A92} = {09C121AE-ACC3-49DF-8DCC-A8F9F4DE426C}
		{5C146CD7-B326-4ABD-BBDC-12D5E374E297} = {09C121AE-ACC3-49DF-8DCC-A8F9F4DE426C}
		{D6957F6E-B7C8-49BA-88E3-104586FFAB4C} = {09C121AE-ACC3-49DF-8DCC-A8F9F4DE426C}
		{813877E8-5C35-433E-A4E8-1E8F3DA1A2F2} = {09C121AE-ACC3-49DF-8DCC-A8F9F4DE426C}
		{6254E803-D1A6-4FAB-9A8C-148881B74BD8} = {09C121AE-ACC3-49DF-8DCC-A8F9F4DE426C}
		{96CF1A6E-203D-482C-92D9-A6F99CDB9BB1} = {09C121AE-ACC3-49DF-8DCC-A8F9F4DE426C}
		{15C49930-F94D-4FA0-99F4-03B4CD5E11CD} = {09C121AE-ACC3-49DF-8DCC-A8F9F4DE426C}
		{7908514F-7E39-4BC5-8E50-B5E02C224ACB} = {09C121AE-ACC3-49DF-8DCC-A8F9F4DE426C}
		{53934290-A800-4B9D-95D3-FCAB496D719E} = {09C121AE-ACC3-49DF-8DCC-A8F9F4DE426C}
		{612F3863-DCF4-419B-84A2-54FB2E11B6FF} = {09C121AE-ACC3-49DF-8DCC-A8F9F4DE426C}
	EndGlobalSection
EndGlobal
